// !$*UTF8*$!
{
	archiveVersion = 1;
	classes = {
	};
	objectVersion = 50;
	objects = {

/* Begin PBXBuildFile section */
		8276851025F72F3300682B1D /* AppDelegate.swift in Sources */ = {isa = PBXBuildFile; fileRef = 8276850F25F72F3300682B1D /* AppDelegate.swift */; };
		8276851225F72F3300682B1D /* SceneDelegate.swift in Sources */ = {isa = PBXBuildFile; fileRef = 8276851125F72F3300682B1D /* SceneDelegate.swift */; };
		8276851425F72F3300682B1D /* HomeViewController.swift in Sources */ = {isa = PBXBuildFile; fileRef = 8276851325F72F3300682B1D /* HomeViewController.swift */; };
		8276851925F72F3600682B1D /* Assets.xcassets in Resources */ = {isa = PBXBuildFile; fileRef = 8276851825F72F3600682B1D /* Assets.xcassets */; };
		8276851C25F72F3600682B1D /* LaunchScreen.storyboard in Resources */ = {isa = PBXBuildFile; fileRef = 8276851A25F72F3600682B1D /* LaunchScreen.storyboard */; };
		8276852725F72F3700682B1D /* SpotifyTests.swift in Sources */ = {isa = PBXBuildFile; fileRef = 8276852625F72F3700682B1D /* SpotifyTests.swift */; };
		8276853225F72F3700682B1D /* SpotifyUITests.swift in Sources */ = {isa = PBXBuildFile; fileRef = 8276853125F72F3700682B1D /* SpotifyUITests.swift */; };
		8276856025F7383100682B1D /* TabViewController.swift in Sources */ = {isa = PBXBuildFile; fileRef = 8276855F25F7383100682B1D /* TabViewController.swift */; };
		8276856525F7385600682B1D /* SearchViewController.swift in Sources */ = {isa = PBXBuildFile; fileRef = 8276856425F7385600682B1D /* SearchViewController.swift */; };
		8276856A25F7386400682B1D /* LibraryViewController.swift in Sources */ = {isa = PBXBuildFile; fileRef = 8276856925F7386400682B1D /* LibraryViewController.swift */; };
		8276857425F738BE00682B1D /* WelcomeViewController.swift in Sources */ = {isa = PBXBuildFile; fileRef = 8276857325F738BE00682B1D /* WelcomeViewController.swift */; };
		8276857925F738D200682B1D /* AuthViewController.swift in Sources */ = {isa = PBXBuildFile; fileRef = 8276857825F738D200682B1D /* AuthViewController.swift */; };
		8276857E25F738DD00682B1D /* SettingViewController.swift in Sources */ = {isa = PBXBuildFile; fileRef = 8276857D25F738DD00682B1D /* SettingViewController.swift */; };
		8276858625F7393A00682B1D /* PlayerViewController.swift in Sources */ = {isa = PBXBuildFile; fileRef = 8276858525F7393A00682B1D /* PlayerViewController.swift */; };
		8276858E25F7394C00682B1D /* ProfileViewController.swift in Sources */ = {isa = PBXBuildFile; fileRef = 8276858D25F7394C00682B1D /* ProfileViewController.swift */; };
		8276859325F739BF00682B1D /* SearchResultViewController.swift in Sources */ = {isa = PBXBuildFile; fileRef = 8276859225F739BF00682B1D /* SearchResultViewController.swift */; };
/* End PBXBuildFile section */

/* Begin PBXContainerItemProxy section */
		8276852325F72F3700682B1D /* PBXContainerItemProxy */ = {
			isa = PBXContainerItemProxy;
			containerPortal = 8276850425F72F3300682B1D /* Project object */;
			proxyType = 1;
			remoteGlobalIDString = 8276850B25F72F3300682B1D;
			remoteInfo = Spotify;
		};
		8276852E25F72F3700682B1D /* PBXContainerItemProxy */ = {
			isa = PBXContainerItemProxy;
			containerPortal = 8276850425F72F3300682B1D /* Project object */;
			proxyType = 1;
			remoteGlobalIDString = 8276850B25F72F3300682B1D;
			remoteInfo = Spotify;
		};
/* End PBXContainerItemProxy section */

/* Begin PBXFileReference section */
		8276850C25F72F3300682B1D /* Spotify.app */ = {isa = PBXFileReference; explicitFileType = wrapper.application; includeInIndex = 0; path = Spotify.app; sourceTree = BUILT_PRODUCTS_DIR; };
		8276850F25F72F3300682B1D /* AppDelegate.swift */ = {isa = PBXFileReference; lastKnownFileType = sourcecode.swift; path = AppDelegate.swift; sourceTree = "<group>"; };
		8276851125F72F3300682B1D /* SceneDelegate.swift */ = {isa = PBXFileReference; lastKnownFileType = sourcecode.swift; path = SceneDelegate.swift; sourceTree = "<group>"; };
		8276851325F72F3300682B1D /* HomeViewController.swift */ = {isa = PBXFileReference; lastKnownFileType = sourcecode.swift; path = HomeViewController.swift; sourceTree = "<group>"; };
		8276851825F72F3600682B1D /* Assets.xcassets */ = {isa = PBXFileReference; lastKnownFileType = folder.assetcatalog; path = Assets.xcassets; sourceTree = "<group>"; };
		8276851B25F72F3600682B1D /* Base */ = {isa = PBXFileReference; lastKnownFileType = file.storyboard; name = Base; path = Base.lproj/LaunchScreen.storyboard; sourceTree = "<group>"; };
		8276851D25F72F3600682B1D /* Info.plist */ = {isa = PBXFileReference; lastKnownFileType = text.plist.xml; path = Info.plist; sourceTree = "<group>"; };
		8276852225F72F3700682B1D /* SpotifyTests.xctest */ = {isa = PBXFileReference; explicitFileType = wrapper.cfbundle; includeInIndex = 0; path = SpotifyTests.xctest; sourceTree = BUILT_PRODUCTS_DIR; };
		8276852625F72F3700682B1D /* SpotifyTests.swift */ = {isa = PBXFileReference; lastKnownFileType = sourcecode.swift; path = SpotifyTests.swift; sourceTree = "<group>"; };
		8276852825F72F3700682B1D /* Info.plist */ = {isa = PBXFileReference; lastKnownFileType = text.plist.xml; path = Info.plist; sourceTree = "<group>"; };
		8276852D25F72F3700682B1D /* SpotifyUITests.xctest */ = {isa = PBXFileReference; explicitFileType = wrapper.cfbundle; includeInIndex = 0; path = SpotifyUITests.xctest; sourceTree = BUILT_PRODUCTS_DIR; };
		8276853125F72F3700682B1D /* SpotifyUITests.swift */ = {isa = PBXFileReference; lastKnownFileType = sourcecode.swift; path = SpotifyUITests.swift; sourceTree = "<group>"; };
		8276853325F72F3700682B1D /* Info.plist */ = {isa = PBXFileReference; lastKnownFileType = text.plist.xml; path = Info.plist; sourceTree = "<group>"; };
		8276855F25F7383100682B1D /* TabViewController.swift */ = {isa = PBXFileReference; lastKnownFileType = sourcecode.swift; path = TabViewController.swift; sourceTree = "<group>"; };
		8276856425F7385600682B1D /* SearchViewController.swift */ = {isa = PBXFileReference; lastKnownFileType = sourcecode.swift; path = SearchViewController.swift; sourceTree = "<group>"; };
		8276856925F7386400682B1D /* LibraryViewController.swift */ = {isa = PBXFileReference; lastKnownFileType = sourcecode.swift; path = LibraryViewController.swift; sourceTree = "<group>"; };
		8276857325F738BE00682B1D /* WelcomeViewController.swift */ = {isa = PBXFileReference; lastKnownFileType = sourcecode.swift; path = WelcomeViewController.swift; sourceTree = "<group>"; };
		8276857825F738D200682B1D /* AuthViewController.swift */ = {isa = PBXFileReference; lastKnownFileType = sourcecode.swift; path = AuthViewController.swift; sourceTree = "<group>"; };
		8276857D25F738DD00682B1D /* SettingViewController.swift */ = {isa = PBXFileReference; lastKnownFileType = sourcecode.swift; path = SettingViewController.swift; sourceTree = "<group>"; };
		8276858525F7393A00682B1D /* PlayerViewController.swift */ = {isa = PBXFileReference; lastKnownFileType = sourcecode.swift; path = PlayerViewController.swift; sourceTree = "<group>"; };
		8276858D25F7394C00682B1D /* ProfileViewController.swift */ = {isa = PBXFileReference; lastKnownFileType = sourcecode.swift; path = ProfileViewController.swift; sourceTree = "<group>"; };
		8276859225F739BF00682B1D /* SearchResultViewController.swift */ = {isa = PBXFileReference; lastKnownFileType = sourcecode.swift; path = SearchResultViewController.swift; sourceTree = "<group>"; };
/* End PBXFileReference section */

/* Begin PBXFrameworksBuildPhase section */
		8276850925F72F3300682B1D /* Frameworks */ = {
			isa = PBXFrameworksBuildPhase;
			buildActionMask = 2147483647;
			files = (
			);
			runOnlyForDeploymentPostprocessing = 0;
		};
		8276851F25F72F3700682B1D /* Frameworks */ = {
			isa = PBXFrameworksBuildPhase;
			buildActionMask = 2147483647;
			files = (
			);
			runOnlyForDeploymentPostprocessing = 0;
		};
		8276852A25F72F3700682B1D /* Frameworks */ = {
			isa = PBXFrameworksBuildPhase;
			buildActionMask = 2147483647;
			files = (
			);
			runOnlyForDeploymentPostprocessing = 0;
		};
/* End PBXFrameworksBuildPhase section */

/* Begin PBXGroup section */
		8276850325F72F3300682B1D = {
			isa = PBXGroup;
			children = (
				8276850E25F72F3300682B1D /* Spotify */,
				8276852525F72F3700682B1D /* SpotifyTests */,
				8276853025F72F3700682B1D /* SpotifyUITests */,
				8276850D25F72F3300682B1D /* Products */,
			);
			sourceTree = "<group>";
		};
		8276850D25F72F3300682B1D /* Products */ = {
			isa = PBXGroup;
			children = (
				8276850C25F72F3300682B1D /* Spotify.app */,
				8276852225F72F3700682B1D /* SpotifyTests.xctest */,
				8276852D25F72F3700682B1D /* SpotifyUITests.xctest */,
			);
			name = Products;
			sourceTree = "<group>";
		};
		8276850E25F72F3300682B1D /* Spotify */ = {
			isa = PBXGroup;
			children = (
				8276854725F72FAC00682B1D /* resources */,
				8276854625F72F9F00682B1D /* managers */,
				8276854525F72F7E00682B1D /* views */,
				8276854425F72F7300682B1D /* models */,
				8276854325F72F6600682B1D /* viewmodels */,
				8276854225F72F5D00682B1D /* viewcontrollers */,
				8276851D25F72F3600682B1D /* Info.plist */,
			);
			path = Spotify;
			sourceTree = "<group>";
		};
		8276852525F72F3700682B1D /* SpotifyTests */ = {
			isa = PBXGroup;
			children = (
				8276852625F72F3700682B1D /* SpotifyTests.swift */,
				8276852825F72F3700682B1D /* Info.plist */,
			);
			path = SpotifyTests;
			sourceTree = "<group>";
		};
		8276853025F72F3700682B1D /* SpotifyUITests */ = {
			isa = PBXGroup;
			children = (
				8276853125F72F3700682B1D /* SpotifyUITests.swift */,
				8276853325F72F3700682B1D /* Info.plist */,
			);
			path = SpotifyUITests;
			sourceTree = "<group>";
		};
		8276854225F72F5D00682B1D /* viewcontrollers */ = {
			isa = PBXGroup;
			children = (
				8276858425F7391700682B1D /* player */,
				8276858325F7390200682B1D /* profile */,
				8276858225F738F100682B1D /* others */,
				8276856F25F738A000682B1D /* auth */,
				8276856E25F7387C00682B1D /* homeScreen */,
			);
			path = viewcontrollers;
			sourceTree = "<group>";
		};
		8276854325F72F6600682B1D /* viewmodels */ = {
			isa = PBXGroup;
			children = (
			);
			path = viewmodels;
			sourceTree = "<group>";
		};
		8276854425F72F7300682B1D /* models */ = {
			isa = PBXGroup;
			children = (
			);
			path = models;
			sourceTree = "<group>";
		};
		8276854525F72F7E00682B1D /* views */ = {
			isa = PBXGroup;
			children = (
				8276851A25F72F3600682B1D /* LaunchScreen.storyboard */,
			);
			path = views;
			sourceTree = "<group>";
		};
		8276854625F72F9F00682B1D /* managers */ = {
			isa = PBXGroup;
			children = (
			);
			path = managers;
			sourceTree = "<group>";
		};
		8276854725F72FAC00682B1D /* resources */ = {
			isa = PBXGroup;
			children = (
				8276851825F72F3600682B1D /* Assets.xcassets */,
				8276850F25F72F3300682B1D /* AppDelegate.swift */,
				8276851125F72F3300682B1D /* SceneDelegate.swift */,
			);
			path = resources;
			sourceTree = "<group>";
		};
		8276856E25F7387C00682B1D /* homeScreen */ = {
			isa = PBXGroup;
			children = (
				8276851325F72F3300682B1D /* HomeViewController.swift */,
				8276855F25F7383100682B1D /* TabViewController.swift */,
				8276856425F7385600682B1D /* SearchViewController.swift */,
			);
			path = homeScreen;
			sourceTree = "<group>";
		};
		8276856F25F738A000682B1D /* auth */ = {
			isa = PBXGroup;
			children = (
				8276857325F738BE00682B1D /* WelcomeViewController.swift */,
				8276857825F738D200682B1D /* AuthViewController.swift */,
			);
			path = auth;
			sourceTree = "<group>";
		};
		8276858225F738F100682B1D /* others */ = {
			isa = PBXGroup;
			children = (
				8276857D25F738DD00682B1D /* SettingViewController.swift */,
				8276859225F739BF00682B1D /* SearchResultViewController.swift */,
			);
			path = others;
			sourceTree = "<group>";
		};
		8276858325F7390200682B1D /* profile */ = {
			isa = PBXGroup;
			children = (
				8276858D25F7394C00682B1D /* ProfileViewController.swift */,
			);
			path = profile;
			sourceTree = "<group>";
		};
		8276858425F7391700682B1D /* player */ = {
			isa = PBXGroup;
			children = (
				8276856925F7386400682B1D /* LibraryViewController.swift */,
				8276858525F7393A00682B1D /* PlayerViewController.swift */,
			);
			path = player;
			sourceTree = "<group>";
		};
/* End PBXGroup section */

/* Begin PBXNativeTarget section */
		8276850B25F72F3300682B1D /* Spotify */ = {
			isa = PBXNativeTarget;
			buildConfigurationList = 8276853625F72F3700682B1D /* Build configuration list for PBXNativeTarget "Spotify" */;
			buildPhases = (
				8276850825F72F3300682B1D /* Sources */,
				8276850925F72F3300682B1D /* Frameworks */,
				8276850A25F72F3300682B1D /* Resources */,
			);
			buildRules = (
			);
			dependencies = (
			);
			name = Spotify;
			productName = Spotify;
			productReference = 8276850C25F72F3300682B1D /* Spotify.app */;
			productType = "com.apple.product-type.application";
		};
		8276852125F72F3700682B1D /* SpotifyTests */ = {
			isa = PBXNativeTarget;
			buildConfigurationList = 8276853925F72F3700682B1D /* Build configuration list for PBXNativeTarget "SpotifyTests" */;
			buildPhases = (
				8276851E25F72F3700682B1D /* Sources */,
				8276851F25F72F3700682B1D /* Frameworks */,
				8276852025F72F3700682B1D /* Resources */,
			);
			buildRules = (
			);
			dependencies = (
				8276852425F72F3700682B1D /* PBXTargetDependency */,
			);
			name = SpotifyTests;
			productName = SpotifyTests;
			productReference = 8276852225F72F3700682B1D /* SpotifyTests.xctest */;
			productType = "com.apple.product-type.bundle.unit-test";
		};
		8276852C25F72F3700682B1D /* SpotifyUITests */ = {
			isa = PBXNativeTarget;
			buildConfigurationList = 8276853C25F72F3700682B1D /* Build configuration list for PBXNativeTarget "SpotifyUITests" */;
			buildPhases = (
				8276852925F72F3700682B1D /* Sources */,
				8276852A25F72F3700682B1D /* Frameworks */,
				8276852B25F72F3700682B1D /* Resources */,
			);
			buildRules = (
			);
			dependencies = (
				8276852F25F72F3700682B1D /* PBXTargetDependency */,
			);
			name = SpotifyUITests;
			productName = SpotifyUITests;
			productReference = 8276852D25F72F3700682B1D /* SpotifyUITests.xctest */;
			productType = "com.apple.product-type.bundle.ui-testing";
		};
/* End PBXNativeTarget section */

/* Begin PBXProject section */
		8276850425F72F3300682B1D /* Project object */ = {
			isa = PBXProject;
			attributes = {
				LastSwiftUpdateCheck = 1220;
				LastUpgradeCheck = 1220;
				TargetAttributes = {
					8276850B25F72F3300682B1D = {
						CreatedOnToolsVersion = 12.2;
					};
					8276852125F72F3700682B1D = {
						CreatedOnToolsVersion = 12.2;
						TestTargetID = 8276850B25F72F3300682B1D;
					};
					8276852C25F72F3700682B1D = {
						CreatedOnToolsVersion = 12.2;
						TestTargetID = 8276850B25F72F3300682B1D;
					};
				};
			};
			buildConfigurationList = 8276850725F72F3300682B1D /* Build configuration list for PBXProject "Spotify" */;
			compatibilityVersion = "Xcode 9.3";
			developmentRegion = en;
			hasScannedForEncodings = 0;
			knownRegions = (
				en,
				Base,
			);
			mainGroup = 8276850325F72F3300682B1D;
			productRefGroup = 8276850D25F72F3300682B1D /* Products */;
			projectDirPath = "";
			projectRoot = "";
			targets = (
				8276850B25F72F3300682B1D /* Spotify */,
				8276852125F72F3700682B1D /* SpotifyTests */,
				8276852C25F72F3700682B1D /* SpotifyUITests */,
			);
		};
/* End PBXProject section */

/* Begin PBXResourcesBuildPhase section */
		8276850A25F72F3300682B1D /* Resources */ = {
			isa = PBXResourcesBuildPhase;
			buildActionMask = 2147483647;
			files = (
				8276851C25F72F3600682B1D /* LaunchScreen.storyboard in Resources */,
				8276851925F72F3600682B1D /* Assets.xcassets in Resources */,
			);
			runOnlyForDeploymentPostprocessing = 0;
		};
		8276852025F72F3700682B1D /* Resources */ = {
			isa = PBXResourcesBuildPhase;
			buildActionMask = 2147483647;
			files = (
			);
			runOnlyForDeploymentPostprocessing = 0;
		};
		8276852B25F72F3700682B1D /* Resources */ = {
			isa = PBXResourcesBuildPhase;
			buildActionMask = 2147483647;
			files = (
			);
			runOnlyForDeploymentPostprocessing = 0;
		};
/* End PBXResourcesBuildPhase section */

/* Begin PBXSourcesBuildPhase section */
		8276850825F72F3300682B1D /* Sources */ = {
			isa = PBXSourcesBuildPhase;
			buildActionMask = 2147483647;
			files = (
				8276856525F7385600682B1D /* SearchViewController.swift in Sources */,
				8276856025F7383100682B1D /* TabViewController.swift in Sources */,
				8276851425F72F3300682B1D /* HomeViewController.swift in Sources */,
				8276851025F72F3300682B1D /* AppDelegate.swift in Sources */,
				8276857925F738D200682B1D /* AuthViewController.swift in Sources */,
				8276857E25F738DD00682B1D /* SettingViewController.swift in Sources */,
				8276858E25F7394C00682B1D /* ProfileViewController.swift in Sources */,
				8276856A25F7386400682B1D /* LibraryViewController.swift in Sources */,
				8276851225F72F3300682B1D /* SceneDelegate.swift in Sources */,
				8276857425F738BE00682B1D /* WelcomeViewController.swift in Sources */,
				8276859325F739BF00682B1D /* SearchResultViewController.swift in Sources */,
				8276858625F7393A00682B1D /* PlayerViewController.swift in Sources */,
			);
			runOnlyForDeploymentPostprocessing = 0;
		};
		8276851E25F72F3700682B1D /* Sources */ = {
			isa = PBXSourcesBuildPhase;
			buildActionMask = 2147483647;
			files = (
				8276852725F72F3700682B1D /* SpotifyTests.swift in Sources */,
			);
			runOnlyForDeploymentPostprocessing = 0;
		};
		8276852925F72F3700682B1D /* Sources */ = {
			isa = PBXSourcesBuildPhase;
			buildActionMask = 2147483647;
			files = (
				8276853225F72F3700682B1D /* SpotifyUITests.swift in Sources */,
			);
			runOnlyForDeploymentPostprocessing = 0;
		};
/* End PBXSourcesBuildPhase section */

/* Begin PBXTargetDependency section */
		8276852425F72F3700682B1D /* PBXTargetDependency */ = {
			isa = PBXTargetDependency;
			target = 8276850B25F72F3300682B1D /* Spotify */;
			targetProxy = 8276852325F72F3700682B1D /* PBXContainerItemProxy */;
		};
		8276852F25F72F3700682B1D /* PBXTargetDependency */ = {
			isa = PBXTargetDependency;
			target = 8276850B25F72F3300682B1D /* Spotify */;
			targetProxy = 8276852E25F72F3700682B1D /* PBXContainerItemProxy */;
		};
/* End PBXTargetDependency section */

/* Begin PBXVariantGroup section */
		8276851A25F72F3600682B1D /* LaunchScreen.storyboard */ = {
			isa = PBXVariantGroup;
			children = (
				8276851B25F72F3600682B1D /* Base */,
			);
			name = LaunchScreen.storyboard;
			sourceTree = "<group>";
		};
/* End PBXVariantGroup section */

/* Begin XCBuildConfiguration section */
		8276853425F72F3700682B1D /* Debug */ = {
			isa = XCBuildConfiguration;
			buildSettings = {
				ALWAYS_SEARCH_USER_PATHS = NO;
				CLANG_ANALYZER_NONNULL = YES;
				CLANG_ANALYZER_NUMBER_OBJECT_CONVERSION = YES_AGGRESSIVE;
				CLANG_CXX_LANGUAGE_STANDARD = "gnu++14";
				CLANG_CXX_LIBRARY = "libc++";
				CLANG_ENABLE_MODULES = YES;
				CLANG_ENABLE_OBJC_ARC = YES;
				CLANG_ENABLE_OBJC_WEAK = YES;
				CLANG_WARN_BLOCK_CAPTURE_AUTORELEASING = YES;
				CLANG_WARN_BOOL_CONVERSION = YES;
				CLANG_WARN_COMMA = YES;
				CLANG_WARN_CONSTANT_CONVERSION = YES;
				CLANG_WARN_DEPRECATED_OBJC_IMPLEMENTATIONS = YES;
				CLANG_WARN_DIRECT_OBJC_ISA_USAGE = YES_ERROR;
				CLANG_WARN_DOCUMENTATION_COMMENTS = YES;
				CLANG_WARN_EMPTY_BODY = YES;
				CLANG_WARN_ENUM_CONVERSION = YES;
				CLANG_WARN_INFINITE_RECURSION = YES;
				CLANG_WARN_INT_CONVERSION = YES;
				CLANG_WARN_NON_LITERAL_NULL_CONVERSION = YES;
				CLANG_WARN_OBJC_IMPLICIT_RETAIN_SELF = YES;
				CLANG_WARN_OBJC_LITERAL_CONVERSION = YES;
				CLANG_WARN_OBJC_ROOT_CLASS = YES_ERROR;
				CLANG_WARN_QUOTED_INCLUDE_IN_FRAMEWORK_HEADER = YES;
				CLANG_WARN_RANGE_LOOP_ANALYSIS = YES;
				CLANG_WARN_STRICT_PROTOTYPES = YES;
				CLANG_WARN_SUSPICIOUS_MOVE = YES;
				CLANG_WARN_UNGUARDED_AVAILABILITY = YES_AGGRESSIVE;
				CLANG_WARN_UNREACHABLE_CODE = YES;
				CLANG_WARN__DUPLICATE_METHOD_MATCH = YES;
				COPY_PHASE_STRIP = NO;
				DEBUG_INFORMATION_FORMAT = dwarf;
				ENABLE_STRICT_OBJC_MSGSEND = YES;
				ENABLE_TESTABILITY = YES;
				GCC_C_LANGUAGE_STANDARD = gnu11;
				GCC_DYNAMIC_NO_PIC = NO;
				GCC_NO_COMMON_BLOCKS = YES;
				GCC_OPTIMIZATION_LEVEL = 0;
				GCC_PREPROCESSOR_DEFINITIONS = (
					"DEBUG=1",
					"$(inherited)",
				);
				GCC_WARN_64_TO_32_BIT_CONVERSION = YES;
				GCC_WARN_ABOUT_RETURN_TYPE = YES_ERROR;
				GCC_WARN_UNDECLARED_SELECTOR = YES;
				GCC_WARN_UNINITIALIZED_AUTOS = YES_AGGRESSIVE;
				GCC_WARN_UNUSED_FUNCTION = YES;
				GCC_WARN_UNUSED_VARIABLE = YES;
				IPHONEOS_DEPLOYMENT_TARGET = 14.2;
				MTL_ENABLE_DEBUG_INFO = INCLUDE_SOURCE;
				MTL_FAST_MATH = YES;
				ONLY_ACTIVE_ARCH = YES;
				SDKROOT = iphoneos;
				SWIFT_ACTIVE_COMPILATION_CONDITIONS = DEBUG;
				SWIFT_OPTIMIZATION_LEVEL = "-Onone";
			};
			name = Debug;
		};
		8276853525F72F3700682B1D /* Release */ = {
			isa = XCBuildConfiguration;
			buildSettings = {
				ALWAYS_SEARCH_USER_PATHS = NO;
				CLANG_ANALYZER_NONNULL = YES;
				CLANG_ANALYZER_NUMBER_OBJECT_CONVERSION = YES_AGGRESSIVE;
				CLANG_CXX_LANGUAGE_STANDARD = "gnu++14";
				CLANG_CXX_LIBRARY = "libc++";
				CLANG_ENABLE_MODULES = YES;
				CLANG_ENABLE_OBJC_ARC = YES;
				CLANG_ENABLE_OBJC_WEAK = YES;
				CLANG_WARN_BLOCK_CAPTURE_AUTORELEASING = YES;
				CLANG_WARN_BOOL_CONVERSION = YES;
				CLANG_WARN_COMMA = YES;
				CLANG_WARN_CONSTANT_CONVERSION = YES;
				CLANG_WARN_DEPRECATED_OBJC_IMPLEMENTATIONS = YES;
				CLANG_WARN_DIRECT_OBJC_ISA_USAGE = YES_ERROR;
				CLANG_WARN_DOCUMENTATION_COMMENTS = YES;
				CLANG_WARN_EMPTY_BODY = YES;
				CLANG_WARN_ENUM_CONVERSION = YES;
				CLANG_WARN_INFINITE_RECURSION = YES;
				CLANG_WARN_INT_CONVERSION = YES;
				CLANG_WARN_NON_LITERAL_NULL_CONVERSION = YES;
				CLANG_WARN_OBJC_IMPLICIT_RETAIN_SELF = YES;
				CLANG_WARN_OBJC_LITERAL_CONVERSION = YES;
				CLANG_WARN_OBJC_ROOT_CLASS = YES_ERROR;
				CLANG_WARN_QUOTED_INCLUDE_IN_FRAMEWORK_HEADER = YES;
				CLANG_WARN_RANGE_LOOP_ANALYSIS = YES;
				CLANG_WARN_STRICT_PROTOTYPES = YES;
				CLANG_WARN_SUSPICIOUS_MOVE = YES;
				CLANG_WARN_UNGUARDED_AVAILABILITY = YES_AGGRESSIVE;
				CLANG_WARN_UNREACHABLE_CODE = YES;
				CLANG_WARN__DUPLICATE_METHOD_MATCH = YES;
				COPY_PHASE_STRIP = NO;
				DEBUG_INFORMATION_FORMAT = "dwarf-with-dsym";
				ENABLE_NS_ASSERTIONS = NO;
				ENABLE_STRICT_OBJC_MSGSEND = YES;
				GCC_C_LANGUAGE_STANDARD = gnu11;
				GCC_NO_COMMON_BLOCKS = YES;
				GCC_WARN_64_TO_32_BIT_CONVERSION = YES;
				GCC_WARN_ABOUT_RETURN_TYPE = YES_ERROR;
				GCC_WARN_UNDECLARED_SELECTOR = YES;
				GCC_WARN_UNINITIALIZED_AUTOS = YES_AGGRESSIVE;
				GCC_WARN_UNUSED_FUNCTION = YES;
				GCC_WARN_UNUSED_VARIABLE = YES;
				IPHONEOS_DEPLOYMENT_TARGET = 14.2;
				MTL_ENABLE_DEBUG_INFO = NO;
				MTL_FAST_MATH = YES;
				SDKROOT = iphoneos;
				SWIFT_COMPILATION_MODE = wholemodule;
				SWIFT_OPTIMIZATION_LEVEL = "-O";
				VALIDATE_PRODUCT = YES;
			};
			name = Release;
		};
		8276853725F72F3700682B1D /* Debug */ = {
			isa = XCBuildConfiguration;
			buildSettings = {
				ASSETCATALOG_COMPILER_APPICON_NAME = AppIcon;
				ASSETCATALOG_COMPILER_GLOBAL_ACCENT_COLOR_NAME = AccentColor;
				CODE_SIGN_STYLE = Automatic;
				INFOPLIST_FILE = Spotify/Info.plist;
				LD_RUNPATH_SEARCH_PATHS = (
					"$(inherited)",
					"@executable_path/Frameworks",
				);
				PRODUCT_BUNDLE_IDENTIFIER = com.kapilbhattarai.Spotify;
				PRODUCT_NAME = "$(TARGET_NAME)";
				SWIFT_VERSION = 5.0;
				TARGETED_DEVICE_FAMILY = "1,2";
			};
			name = Debug;
		};
		8276853825F72F3700682B1D /* Release */ = {
			isa = XCBuildConfiguration;
			buildSettings = {
				ASSETCATALOG_COMPILER_APPICON_NAME = AppIcon;
				ASSETCATALOG_COMPILER_GLOBAL_ACCENT_COLOR_NAME = AccentColor;
				CODE_SIGN_STYLE = Automatic;
				INFOPLIST_FILE = Spotify/Info.plist;
				LD_RUNPATH_SEARCH_PATHS = (
					"$(inherited)",
					"@executable_path/Frameworks",
				);
				PRODUCT_BUNDLE_IDENTIFIER = com.kapilbhattarai.Spotify;
				PRODUCT_NAME = "$(TARGET_NAME)";
				SWIFT_VERSION = 5.0;
				TARGETED_DEVICE_FAMILY = "1,2";
			};
			name = Release;
		};
		8276853A25F72F3700682B1D /* Debug */ = {
			isa = XCBuildConfiguration;
			buildSettings = {
				ALWAYS_EMBED_SWIFT_STANDARD_LIBRARIES = YES;
				BUNDLE_LOADER = "$(TEST_HOST)";
				CODE_SIGN_STYLE = Automatic;
				INFOPLIST_FILE = SpotifyTests/Info.plist;
				IPHONEOS_DEPLOYMENT_TARGET = 14.2;
				LD_RUNPATH_SEARCH_PATHS = (
					"$(inherited)",
					"@executable_path/Frameworks",
					"@loader_path/Frameworks",
				);
				PRODUCT_BUNDLE_IDENTIFIER = com.kapilbhattarai.SpotifyTests;
				PRODUCT_NAME = "$(TARGET_NAME)";
				SWIFT_VERSION = 5.0;
				TARGETED_DEVICE_FAMILY = "1,2";
				TEST_HOST = "$(BUILT_PRODUCTS_DIR)/Spotify.app/Spotify";
			};
			name = Debug;
		};
		8276853B25F72F3700682B1D /* Release */ = {
			isa = XCBuildConfiguration;
			buildSettings = {
				ALWAYS_EMBED_SWIFT_STANDARD_LIBRARIES = YES;
				BUNDLE_LOADER = "$(TEST_HOST)";
				CODE_SIGN_STYLE = Automatic;
				INFOPLIST_FILE = SpotifyTests/Info.plist;
				IPHONEOS_DEPLOYMENT_TARGET = 14.2;
				LD_RUNPATH_SEARCH_PATHS = (
					"$(inherited)",
					"@executable_path/Frameworks",
					"@loader_path/Frameworks",
				);
				PRODUCT_BUNDLE_IDENTIFIER = com.kapilbhattarai.SpotifyTests;
				PRODUCT_NAME = "$(TARGET_NAME)";
				SWIFT_VERSION = 5.0;
				TARGETED_DEVICE_FAMILY = "1,2";
				TEST_HOST = "$(BUILT_PRODUCTS_DIR)/Spotify.app/Spotify";
			};
			name = Release;
		};
		8276853D25F72F3700682B1D /* Debug */ = {
			isa = XCBuildConfiguration;
			buildSettings = {
				ALWAYS_EMBED_SWIFT_STANDARD_LIBRARIES = YES;
				CODE_SIGN_STYLE = Automatic;
				INFOPLIST_FILE = SpotifyUITests/Info.plist;
				LD_RUNPATH_SEARCH_PATHS = (
					"$(inherited)",
					"@executable_path/Frameworks",
					"@loader_path/Frameworks",
				);
				PRODUCT_BUNDLE_IDENTIFIER = com.kapilbhattarai.SpotifyUITests;
				PRODUCT_NAME = "$(TARGET_NAME)";
				SWIFT_VERSION = 5.0;
				TARGETED_DEVICE_FAMILY = "1,2";
				TEST_TARGET_NAME = Spotify;
			};
			name = Debug;
		};
		8276853E25F72F3700682B1D /* Release */ = {
			isa = XCBuildConfiguration;
			buildSettings = {
				ALWAYS_EMBED_SWIFT_STANDARD_LIBRARIES = YES;
				CODE_SIGN_STYLE = Automatic;
				INFOPLIST_FILE = SpotifyUITests/Info.plist;
				LD_RUNPATH_SEARCH_PATHS = (
					"$(inherited)",
					"@executable_path/Frameworks",
					"@loader_path/Frameworks",
				);
				PRODUCT_BUNDLE_IDENTIFIER = com.kapilbhattarai.SpotifyUITests;
				PRODUCT_NAME = "$(TARGET_NAME)";
				SWIFT_VERSION = 5.0;
				TARGETED_DEVICE_FAMILY = "1,2";
				TEST_TARGET_NAME = Spotify;
			};
			name = Release;
		};
/* End XCBuildConfiguration section */

/* Begin XCConfigurationList section */
		8276850725F72F3300682B1D /* Build configuration list for PBXProject "Spotify" */ = {
			isa = XCConfigurationList;
			buildConfigurations = (
				8276853425F72F3700682B1D /* Debug */,
				8276853525F72F3700682B1D /* Release */,
			);
			defaultConfigurationIsVisible = 0;
			defaultConfigurationName = Release;
		};
		8276853625F72F3700682B1D /* Build configuration list for PBXNativeTarget "Spotify" */ = {
			isa = XCConfigurationList;
			buildConfigurations = (
				8276853725F72F3700682B1D /* Debug */,
				8276853825F72F3700682B1D /* Release */,
			);
			defaultConfigurationIsVisible = 0;
			defaultConfigurationName = Release;
		};
		8276853925F72F3700682B1D /* Build configuration list for PBXNativeTarget "SpotifyTests" */ = {
			isa = XCConfigurationList;
			buildConfigurations = (
				8276853A25F72F3700682B1D /* Debug */,
				8276853B25F72F3700682B1D /* Release */,
			);
			defaultConfigurationIsVisible = 0;
			defaultConfigurationName = Release;
		};
		8276853C25F72F3700682B1D /* Build configuration list for PBXNativeTarget "SpotifyUITests" */ = {
			isa = XCConfigurationList;
			buildConfigurations = (
				8276853D25F72F3700682B1D /* Debug */,
				8276853E25F72F3700682B1D /* Release */,
			);
			defaultConfigurationIsVisible = 0;
			defaultConfigurationName = Release;
		};
/* End XCConfigurationList section */
	};
	rootObject = 8276850425F72F3300682B1D /* Project object */;
}
